
Microsoft Visual Studio Solution File, Format Version 12.00
# Visual Studio 15
VisualStudioVersion = 15.0.28307.329
MinimumVisualStudioVersion = 10.0.40219.1
Project("{FAE04EC0-301F-11D3-BF4B-00C04F79EFBC}") = "ZweeKwat", "ZweeKwat\ZweeKwat.csproj", "{DB7852CC-AEDC-4E5A-95E4-843831C827A8}"
EndProject
Global
	GlobalSection(SolutionConfigurationPlatforms) = preSolution
		Debug|Any CPU = Debug|Any CPU
		Release|Any CPU = Release|Any CPU
	EndGlobalSection
	GlobalSection(ProjectConfigurationPlatforms) = postSolution
		{DB7852CC-AEDC-4E5A-95E4-843831C827A8}.Debug|Any CPU.ActiveCfg = Debug|Any CPU
		{DB7852CC-AEDC-4E5A-95E4-843831C827A8}.Debug|Any CPU.Build.0 = Debug|Any CPU
		{DB7852CC-AEDC-4E5A-95E4-843831C827A8}.Release|Any CPU.ActiveCfg = Release|Any CPU
		{DB7852CC-AEDC-4E5A-95E4-843831C827A8}.Release|Any CPU.Build.0 = Release|Any CPU
	EndGlobalSection
	GlobalSection(SolutionProperties) = preSolution
		HideSolutionNode = FALSE
	EndGlobalSection
	GlobalSection(ExtensibilityGlobals) = postSolution
		SolutionGuid = {063B9CAA-3BC8-47B2-8C0C-D68043B54B3D}
	EndGlobalSection
EndGlobal
